
Microsoft Visual Studio Solution File, Format Version 12.00
# Visual Studio Version 16
VisualStudioVersion = 16.0.32602.291
MinimumVisualStudioVersion = 10.0.40219.1
Project("{FAE04EC0-301F-11D3-BF4B-00C04F79EFBC}") = "WebApi", "WebApi.csproj", "{1C8C09EF-1F87-4DA0-91AE-57AE12CB34C8}"
EndProject
Global
	GlobalSection(SolutionConfigurationPlatforms) = preSolution
		Debug|Any CPU = Debug|Any CPU
		Release|Any CPU = Release|Any CPU
	EndGlobalSection
	GlobalSection(ProjectConfigurationPlatforms) = postSolution
		{1C8C09EF-1F87-4DA0-91AE-57AE12CB34C8}.Debug|Any CPU.ActiveCfg = Debug|Any CPU
		{1C8C09EF-1F87-4DA0-91AE-57AE12CB34C8}.Debug|Any CPU.Build.0 = Debug|Any CPU
		{1C8C09EF-1F87-4DA0-91AE-57AE12CB34C8}.Release|Any CPU.ActiveCfg = Release|Any CPU
		{1C8C09EF-1F87-4DA0-91AE-57AE12CB34C8}.Release|Any CPU.Build.0 = Release|Any CPU
	EndGlobalSection
	GlobalSection(SolutionProperties) = preSolution
		HideSolutionNode = FALSE
	EndGlobalSection
	GlobalSection(ExtensibilityGlobals) = postSolution
		SolutionGuid = {3C19062B-CCEA-4A59-9590-8A658B312F84}
	EndGlobalSection
EndGlobal
